// !$*UTF8*$!
{
	archiveVersion = 1;
	classes = {
	};
	objectVersion = 46;
	objects = {

/* Begin PBXBuildFile section */
		D771254D15F5D73000225985 /* AVFoundation.framework in Frameworks */ = {isa = PBXBuildFile; fileRef = D771254C15F5D73000225985 /* AVFoundation.framework */; };
		D771255015F5D8E500225985 /* CoreMedia.framework in Frameworks */ = {isa = PBXBuildFile; fileRef = D771254F15F5D8E500225985 /* CoreMedia.framework */; };
		D771255215F5D95400225985 /* AudioToolbox.framework in Frameworks */ = {isa = PBXBuildFile; fileRef = D771255115F5D95400225985 /* AudioToolbox.framework */; };
		D771257515F60AB600225985 /* Player.m in Sources */ = {isa = PBXBuildFile; fileRef = D771257415F60AB600225985 /* Player.m */; };
		D771257715F60CC700225985 /* MobileCoreServices.framework in Frameworks */ = {isa = PBXBuildFile; fileRef = D771257615F60CC700225985 /* MobileCoreServices.framework */; };
		D7A036DD15F5D65300B98E91 /* UIKit.framework in Frameworks */ = {isa = PBXBuildFile; fileRef = D7A036DC15F5D65300B98E91 /* UIKit.framework */; };
		D7A036DF15F5D65300B98E91 /* Foundation.framework in Frameworks */ = {isa = PBXBuildFile; fileRef = D7A036DE15F5D65300B98E91 /* Foundation.framework */; };
		D7A036E715F5D65300B98E91 /* InfoPlist.strings in Resources */ = {isa = PBXBuildFile; fileRef = D7A036E515F5D65300B98E91 /* InfoPlist.strings */; };
		D7A036E915F5D65300B98E91 /* main.m in Sources */ = {isa = PBXBuildFile; fileRef = D7A036E815F5D65300B98E91 /* main.m */; };
		D7A036ED15F5D65300B98E91 /* AppDelegate.m in Sources */ = {isa = PBXBuildFile; fileRef = D7A036EC15F5D65300B98E91 /* AppDelegate.m */; };
		D7A036F015F5D65400B98E91 /* ViewController.m in Sources */ = {isa = PBXBuildFile; fileRef = D7A036EF15F5D65400B98E91 /* ViewController.m */; };
		D7A036F315F5D65400B98E91 /* ViewController.xib in Resources */ = {isa = PBXBuildFile; fileRef = D7A036F115F5D65400B98E91 /* ViewController.xib */; };
/* End PBXBuildFile section */

/* Begin PBXFileReference section */
		D771254C15F5D73000225985 /* AVFoundation.framework */ = {isa = PBXFileReference; lastKnownFileType = wrapper.framework; name = AVFoundation.framework; path = System/Library/Frameworks/AVFoundation.framework; sourceTree = SDKROOT; };
		D771254F15F5D8E500225985 /* CoreMedia.framework */ = {isa = PBXFileReference; lastKnownFileType = wrapper.framework; name = CoreMedia.framework; path = System/Library/Frameworks/CoreMedia.framework; sourceTree = SDKROOT; };
		D771255115F5D95400225985 /* AudioToolbox.framework */ = {isa = PBXFileReference; lastKnownFileType = wrapper.framework; name = AudioToolbox.framework; path = System/Library/Frameworks/AudioToolbox.framework; sourceTree = SDKROOT; };
		D771257315F60AB600225985 /* Player.h */ = {isa = PBXFileReference; fileEncoding = 4; lastKnownFileType = sourcecode.c.h; path = Player.h; sourceTree = "<group>"; };
		D771257415F60AB600225985 /* Player.m */ = {isa = PBXFileReference; fileEncoding = 4; lastKnownFileType = sourcecode.c.objc; path = Player.m; sourceTree = "<group>"; };
		D771257615F60CC700225985 /* MobileCoreServices.framework */ = {isa = PBXFileReference; lastKnownFileType = wrapper.framework; name = MobileCoreServices.framework; path = System/Library/Frameworks/MobileCoreServices.framework; sourceTree = SDKROOT; };
		D7A036D815F5D65300B98E91 /* sampleQueueIphone.app */ = {isa = PBXFileReference; explicitFileType = wrapper.application; includeInIndex = 0; path = sampleQueueIphone.app; sourceTree = BUILT_PRODUCTS_DIR; };
		D7A036DC15F5D65300B98E91 /* UIKit.framework */ = {isa = PBXFileReference; lastKnownFileType = wrapper.framework; name = UIKit.framework; path = System/Library/Frameworks/UIKit.framework; sourceTree = SDKROOT; };
		D7A036DE15F5D65300B98E91 /* Foundation.framework */ = {isa = PBXFileReference; lastKnownFileType = wrapper.framework; name = Foundation.framework; path = System/Library/Frameworks/Foundation.framework; sourceTree = SDKROOT; };
		D7A036E015F5D65300B98E91 /* CoreGraphics.framework */ = {isa = PBXFileReference; lastKnownFileType = wrapper.framework; name = CoreGraphics.framework; path = System/Library/Frameworks/CoreGraphics.framework; sourceTree = SDKROOT; };
		D7A036E415F5D65300B98E91 /* sampleQueueIphone-Info.plist */ = {isa = PBXFileReference; lastKnownFileType = text.plist.xml; path = "sampleQueueIphone-Info.plist"; sourceTree = "<group>"; };
		D7A036E615F5D65300B98E91 /* en */ = {isa = PBXFileReference; lastKnownFileType = text.plist.strings; name = en; path = en.lproj/InfoPlist.strings; sourceTree = "<group>"; };
		D7A036E815F5D65300B98E91 /* main.m */ = {isa = PBXFileReference; lastKnownFileType = sourcecode.c.objc; path = main.m; sourceTree = "<group>"; };
		D7A036EA15F5D65300B98E91 /* sampleQueueIphone-Prefix.pch */ = {isa = PBXFileReference; lastKnownFileType = sourcecode.c.h; path = "sampleQueueIphone-Prefix.pch"; sourceTree = "<group>"; };
		D7A036EB15F5D65300B98E91 /* AppDelegate.h */ = {isa = PBXFileReference; lastKnownFileType = sourcecode.c.h; path = AppDelegate.h; sourceTree = "<group>"; };
		D7A036EC15F5D65300B98E91 /* AppDelegate.m */ = {isa = PBXFileReference; lastKnownFileType = sourcecode.c.objc; path = AppDelegate.m; sourceTree = "<group>"; };
		D7A036EE15F5D65400B98E91 /* ViewController.h */ = {isa = PBXFileReference; lastKnownFileType = sourcecode.c.h; path = ViewController.h; sourceTree = "<group>"; };
		D7A036EF15F5D65400B98E91 /* ViewController.m */ = {isa = PBXFileReference; lastKnownFileType = sourcecode.c.objc; path = ViewController.m; sourceTree = "<group>"; };
		D7A036F215F5D65400B98E91 /* en */ = {isa = PBXFileReference; lastKnownFileType = file.xib; name = en; path = en.lproj/ViewController.xib; sourceTree = "<group>"; };
/* End PBXFileReference section */

/* Begin PBXFrameworksBuildPhase section */
		D7A036D515F5D65300B98E91 /* Frameworks */ = {
			isa = PBXFrameworksBuildPhase;
			buildActionMask = 2147483647;
			files = (
				D771257715F60CC700225985 /* MobileCoreServices.framework in Frameworks */,
				D771255215F5D95400225985 /* AudioToolbox.framework in Frameworks */,
				D771255015F5D8E500225985 /* CoreMedia.framework in Frameworks */,
				D771254D15F5D73000225985 /* AVFoundation.framework in Frameworks */,
				D7A036DD15F5D65300B98E91 /* UIKit.framework in Frameworks */,
				D7A036DF15F5D65300B98E91 /* Foundation.framework in Frameworks */,
			);
			runOnlyForDeploymentPostprocessing = 0;
		};
/* End PBXFrameworksBuildPhase section */

/* Begin PBXGroup section */
		D7A036CD15F5D65300B98E91 = {
			isa = PBXGroup;
			children = (
				D7A036E215F5D65300B98E91 /* sampleQueueIphone */,
				D7A036DB15F5D65300B98E91 /* Frameworks */,
				D7A036D915F5D65300B98E91 /* Products */,
			);
			sourceTree = "<group>";
		};
		D7A036D915F5D65300B98E91 /* Products */ = {
			isa = PBXGroup;
			children = (
				D7A036D815F5D65300B98E91 /* sampleQueueIphone.app */,
			);
			name = Products;
			sourceTree = "<group>";
		};
		D7A036DB15F5D65300B98E91 /* Frameworks */ = {
			isa = PBXGroup;
			children = (
				D771257615F60CC700225985 /* MobileCoreServices.framework */,
				D771255115F5D95400225985 /* AudioToolbox.framework */,
				D771254F15F5D8E500225985 /* CoreMedia.framework */,
				D771254C15F5D73000225985 /* AVFoundation.framework */,
				D7A036DC15F5D65300B98E91 /* UIKit.framework */,
				D7A036DE15F5D65300B98E91 /* Foundation.framework */,
				D7A036E015F5D65300B98E91 /* CoreGraphics.framework */,
			);
			name = Frameworks;
			sourceTree = "<group>";
		};
		D7A036E215F5D65300B98E91 /* sampleQueueIphone */ = {
			isa = PBXGroup;
			children = (
				D7A036EB15F5D65300B98E91 /* AppDelegate.h */,
				D7A036EC15F5D65300B98E91 /* AppDelegate.m */,
				D7A036EE15F5D65400B98E91 /* ViewController.h */,
				D7A036EF15F5D65400B98E91 /* ViewController.m */,
				D771257315F60AB600225985 /* Player.h */,
				D771257415F60AB600225985 /* Player.m */,
				D7A036F115F5D65400B98E91 /* ViewController.xib */,
				D7A036E315F5D65300B98E91 /* Supporting Files */,
			);
			path = sampleQueueIphone;
			sourceTree = "<group>";
		};
		D7A036E315F5D65300B98E91 /* Supporting Files */ = {
			isa = PBXGroup;
			children = (
				D7A036E415F5D65300B98E91 /* sampleQueueIphone-Info.plist */,
				D7A036E515F5D65300B98E91 /* InfoPlist.strings */,
				D7A036E815F5D65300B98E91 /* main.m */,
				D7A036EA15F5D65300B98E91 /* sampleQueueIphone-Prefix.pch */,
			);
			name = "Supporting Files";
			sourceTree = "<group>";
		};
/* End PBXGroup section */

/* Begin PBXNativeTarget section */
		D7A036D715F5D65300B98E91 /* sampleQueueIphone */ = {
			isa = PBXNativeTarget;
			buildConfigurationList = D7A036F615F5D65400B98E91 /* Build configuration list for PBXNativeTarget "sampleQueueIphone" */;
			buildPhases = (
				D7A036D415F5D65300B98E91 /* Sources */,
				D7A036D515F5D65300B98E91 /* Frameworks */,
				D7A036D615F5D65300B98E91 /* Resources */,
			);
			buildRules = (
			);
			dependencies = (
			);
			name = sampleQueueIphone;
			productName = sampleQueueIphone;
			productReference = D7A036D815F5D65300B98E91 /* sampleQueueIphone.app */;
			productType = "com.apple.product-type.application";
		};
/* End PBXNativeTarget section */

/* Begin PBXProject section */
		D7A036CF15F5D65300B98E91 /* Project object */ = {
			isa = PBXProject;
			attributes = {
				LastUpgradeCheck = 0430;
				ORGANIZATIONNAME = Amazon;
			};
			buildConfigurationList = D7A036D215F5D65300B98E91 /* Build configuration list for PBXProject "sampleQueueIphone" */;
			compatibilityVersion = "Xcode 3.2";
			developmentRegion = English;
			hasScannedForEncodings = 0;
			knownRegions = (
				en,
			);
			mainGroup = D7A036CD15F5D65300B98E91;
			productRefGroup = D7A036D915F5D65300B98E91 /* Products */;
			projectDirPath = "";
			projectRoot = "";
			targets = (
				D7A036D715F5D65300B98E91 /* sampleQueueIphone */,
			);
		};
/* End PBXProject section */

/* Begin PBXResourcesBuildPhase section */
		D7A036D615F5D65300B98E91 /* Resources */ = {
			isa = PBXResourcesBuildPhase;
			buildActionMask = 2147483647;
			files = (
				D7A036E715F5D65300B98E91 /* InfoPlist.strings in Resources */,
				D7A036F315F5D65400B98E91 /* ViewController.xib in Resources */,
			);
			runOnlyForDeploymentPostprocessing = 0;
		};
/* End PBXResourcesBuildPhase section */

/* Begin PBXSourcesBuildPhase section */
		D7A036D415F5D65300B98E91 /* Sources */ = {
			isa = PBXSourcesBuildPhase;
			buildActionMask = 2147483647;
			files = (
				D7A036E915F5D65300B98E91 /* main.m in Sources */,
				D7A036ED15F5D65300B98E91 /* AppDelegate.m in Sources */,
				D7A036F015F5D65400B98E91 /* ViewController.m in Sources */,
				D771257515F60AB600225985 /* Player.m in Sources */,
			);
			runOnlyForDeploymentPostprocessing = 0;
		};
/* End PBXSourcesBuildPhase section */

/* Begin PBXVariantGroup section */
		D7A036E515F5D65300B98E91 /* InfoPlist.strings */ = {
			isa = PBXVariantGroup;
			children = (
				D7A036E615F5D65300B98E91 /* en */,
			);
			name = InfoPlist.strings;
			sourceTree = "<group>";
		};
		D7A036F115F5D65400B98E91 /* ViewController.xib */ = {
			isa = PBXVariantGroup;
			children = (
				D7A036F215F5D65400B98E91 /* en */,
			);
			name = ViewController.xib;
			sourceTree = "<group>";
		};
/* End PBXVariantGroup section */

/* Begin XCBuildConfiguration section */
		D7A036F415F5D65400B98E91 /* Debug */ = {
			isa = XCBuildConfiguration;
			buildSettings = {
				ALWAYS_SEARCH_USER_PATHS = NO;
				ARCHS = "$(ARCHS_STANDARD_32_BIT)";
				CLANG_ENABLE_OBJC_ARC = YES;
				"CODE_SIGN_IDENTITY[sdk=iphoneos*]" = "iPhone Developer";
				COPY_PHASE_STRIP = NO;
				GCC_C_LANGUAGE_STANDARD = gnu99;
				GCC_DYNAMIC_NO_PIC = NO;
				GCC_OPTIMIZATION_LEVEL = 0;
				GCC_PREPROCESSOR_DEFINITIONS = (
					"DEBUG=1",
					"$(inherited)",
				);
				GCC_SYMBOLS_PRIVATE_EXTERN = NO;
				GCC_VERSION = com.apple.compilers.llvm.clang.1_0;
				GCC_WARN_ABOUT_RETURN_TYPE = YES;
				GCC_WARN_UNINITIALIZED_AUTOS = YES;
				GCC_WARN_UNUSED_VARIABLE = YES;
				IPHONEOS_DEPLOYMENT_TARGET = 5.1;
				SDKROOT = iphoneos;
			};
			name = Debug;
		};
		D7A036F515F5D65400B98E91 /* Release */ = {
			isa = XCBuildConfiguration;
			buildSettings = {
				ALWAYS_SEARCH_USER_PATHS = NO;
				ARCHS = "$(ARCHS_STANDARD_32_BIT)";
				CLANG_ENABLE_OBJC_ARC = YES;
				"CODE_SIGN_IDENTITY[sdk=iphoneos*]" = "iPhone Developer";
				COPY_PHASE_STRIP = YES;
				GCC_C_LANGUAGE_STANDARD = gnu99;
				GCC_VERSION = com.apple.compilers.llvm.clang.1_0;
				GCC_WARN_ABOUT_RETURN_TYPE = YES;
				GCC_WARN_UNINITIALIZED_AUTOS = YES;
				GCC_WARN_UNUSED_VARIABLE = YES;
				IPHONEOS_DEPLOYMENT_TARGET = 5.1;
				OTHER_CFLAGS = "-DNS_BLOCK_ASSERTIONS=1";
				SDKROOT = iphoneos;
				VALIDATE_PRODUCT = YES;
			};
			name = Release;
		};
		D7A036F715F5D65400B98E91 /* Debug */ = {
			isa = XCBuildConfiguration;
			buildSettings = {
				GCC_PRECOMPILE_PREFIX_HEADER = YES;
				GCC_PREFIX_HEADER = "sampleQueueIphone/sampleQueueIphone-Prefix.pch";
				INFOPLIST_FILE = "sampleQueueIphone/sampleQueueIphone-Info.plist";
				PRODUCT_NAME = "$(TARGET_NAME)";
				WRAPPER_EXTENSION = app;
			};
			name = Debug;
		};
		D7A036F815F5D65400B98E91 /* Release */ = {
			isa = XCBuildConfiguration;
			buildSettings = {
				GCC_PRECOMPILE_PREFIX_HEADER = YES;
				GCC_PREFIX_HEADER = "sampleQueueIphone/sampleQueueIphone-Prefix.pch";
				INFOPLIST_FILE = "sampleQueueIphone/sampleQueueIphone-Info.plist";
				PRODUCT_NAME = "$(TARGET_NAME)";
				WRAPPER_EXTENSION = app;
			};
			name = Release;
		};
/* End XCBuildConfiguration section */

/* Begin XCConfigurationList section */
		D7A036D215F5D65300B98E91 /* Build configuration list for PBXProject "sampleQueueIphone" */ = {
			isa = XCConfigurationList;
			buildConfigurations = (
				D7A036F415F5D65400B98E91 /* Debug */,
				D7A036F515F5D65400B98E91 /* Release */,
			);
			defaultConfigurationIsVisible = 0;
			defaultConfigurationName = Release;
		};
		D7A036F615F5D65400B98E91 /* Build configuration list for PBXNativeTarget "sampleQueueIphone" */ = {
			isa = XCConfigurationList;
			buildConfigurations = (
				D7A036F715F5D65400B98E91 /* Debug */,
				D7A036F815F5D65400B98E91 /* Release */,
			);
			defaultConfigurationIsVisible = 0;
			defaultConfigurationName = Release;
		};
/* End XCConfigurationList section */
	};
	rootObject = D7A036CF15F5D65300B98E91 /* Project object */;
}
